
Microsoft Visual Studio Solution File, Format Version 12.00
# Visual Studio Version 16
VisualStudioVersion = 16.0.31729.503
MinimumVisualStudioVersion = 10.0.40219.1
Project("{9A19103F-16F7-4668-BE54-9A1E7A4F7556}") = "Kampİntro", "Kampİntro\Kampİntro.csproj", "{00EDFB4F-F99F-45A6-A4DF-5CFA6457AA37}"
EndProject
Project("{9A19103F-16F7-4668-BE54-9A1E7A4F7556}") = "Donguler", "Donguler\Donguler.csproj", "{0E451DC0-AF79-45BB-8959-EDE3C627C680}"
EndProject
Project("{9A19103F-16F7-4668-BE54-9A1E7A4F7556}") = "ClassIntro", "ClassIntro\ClassIntro.csproj", "{3E312F93-4084-4C59-9810-6FED57B38D91}"
EndProject
Project("{9A19103F-16F7-4668-BE54-9A1E7A4F7556}") = "Metotlar", "Metotlar\Metotlar.csproj", "{3A24DB33-3CAA-4070-92CE-62AB6845AACD}"
EndProject
Project("{9A19103F-16F7-4668-BE54-9A1E7A4F7556}") = "Matematik", "Matematik\Matematik.csproj", "{FA75B552-EA69-41EF-B1C6-23AB09D71CC1}"
EndProject
Project("{9A19103F-16F7-4668-BE54-9A1E7A4F7556}") = "DegerveReferansTipler", "DegerveReferansTipler\DegerveReferansTipler.csproj", "{1925BAB9-5EF5-46F0-A1F2-FC67E60D7BD5}"
EndProject
Project("{9A19103F-16F7-4668-BE54-9A1E7A4F7556}") = "OOP1", "OOP1\OOP1.csproj", "{0BD25AEF-ADAA-4E4A-9FE4-2E42B914C9D0}"
EndProject
Project("{9A19103F-16F7-4668-BE54-9A1E7A4F7556}") = "ClassIntroOdev", "ClassIntroOdev\ClassIntroOdev.csproj", "{BECE6280-A24F-41E3-9FBB-941C361524B0}"
EndProject
Project("{9A19103F-16F7-4668-BE54-9A1E7A4F7556}") = "ClassMetotDemo", "ClassMetotDemo\ClassMetotDemo.csproj", "{465FDCC0-63DD-4244-9DAC-02D34903CFC5}"
EndProject
Project("{9A19103F-16F7-4668-BE54-9A1E7A4F7556}") = "Koleksiyonlar", "Koleksiyonlar\Koleksiyonlar.csproj", "{D58C2B79-549E-41B4-80C3-109791678321}"
EndProject
Project("{9A19103F-16F7-4668-BE54-9A1E7A4F7556}") = "GenericsIntro", "GenericsIntro\GenericsIntro.csproj", "{001FF824-D876-41F3-8360-368CEC991F13}"
EndProject
Project("{9A19103F-16F7-4668-BE54-9A1E7A4F7556}") = "Dictionary", "Dictionary\Dictionary.csproj", "{2B183F54-5E61-43CB-B6B0-52E376E26C06}"
EndProject
Project("{9A19103F-16F7-4668-BE54-9A1E7A4F7556}") = "OOP2", "OOP2\OOP2.csproj", "{1A8CB03A-E53F-4F23-B10E-98B137ACF388}"
EndProject
Project("{9A19103F-16F7-4668-BE54-9A1E7A4F7556}") = "OOP3", "OOP3\OOP3.csproj", "{3E677F80-F782-49EA-AB3E-DD2641941FB9}"
EndProject
Project("{9A19103F-16F7-4668-BE54-9A1E7A4F7556}") = "GameDemo", "GameDemo\GameDemo.csproj", "{484BA610-CB24-4F38-9BCA-42450D5CA1C9}"
EndProject
Global
	GlobalSection(SolutionConfigurationPlatforms) = preSolution
		Debug|Any CPU = Debug|Any CPU
		Release|Any CPU = Release|Any CPU
	EndGlobalSection
	GlobalSection(ProjectConfigurationPlatforms) = postSolution
		{00EDFB4F-F99F-45A6-A4DF-5CFA6457AA37}.Debug|Any CPU.ActiveCfg = Debug|Any CPU
		{00EDFB4F-F99F-45A6-A4DF-5CFA6457AA37}.Debug|Any CPU.Build.0 = Debug|Any CPU
		{00EDFB4F-F99F-45A6-A4DF-5CFA6457AA37}.Release|Any CPU.ActiveCfg = Release|Any CPU
		{00EDFB4F-F99F-45A6-A4DF-5CFA6457AA37}.Release|Any CPU.Build.0 = Release|Any CPU
		{0E451DC0-AF79-45BB-8959-EDE3C627C680}.Debug|Any CPU.ActiveCfg = Debug|Any CPU
		{0E451DC0-AF79-45BB-8959-EDE3C627C680}.Debug|Any CPU.Build.0 = Debug|Any CPU
		{0E451DC0-AF79-45BB-8959-EDE3C627C680}.Release|Any CPU.ActiveCfg = Release|Any CPU
		{0E451DC0-AF79-45BB-8959-EDE3C627C680}.Release|Any CPU.Build.0 = Release|Any CPU
		{3E312F93-4084-4C59-9810-6FED57B38D91}.Debug|Any CPU.ActiveCfg = Debug|Any CPU
		{3E312F93-4084-4C59-9810-6FED57B38D91}.Debug|Any CPU.Build.0 = Debug|Any CPU
		{3E312F93-4084-4C59-9810-6FED57B38D91}.Release|Any CPU.ActiveCfg = Release|Any CPU
		{3E312F93-4084-4C59-9810-6FED57B38D91}.Release|Any CPU.Build.0 = Release|Any CPU
		{3A24DB33-3CAA-4070-92CE-62AB6845AACD}.Debug|Any CPU.ActiveCfg = Debug|Any CPU
		{3A24DB33-3CAA-4070-92CE-62AB6845AACD}.Debug|Any CPU.Build.0 = Debug|Any CPU
		{3A24DB33-3CAA-4070-92CE-62AB6845AACD}.Release|Any CPU.ActiveCfg = Release|Any CPU
		{3A24DB33-3CAA-4070-92CE-62AB6845AACD}.Release|Any CPU.Build.0 = Release|Any CPU
		{FA75B552-EA69-41EF-B1C6-23AB09D71CC1}.Debug|Any CPU.ActiveCfg = Debug|Any CPU
		{FA75B552-EA69-41EF-B1C6-23AB09D71CC1}.Debug|Any CPU.Build.0 = Debug|Any CPU
		{FA75B552-EA69-41EF-B1C6-23AB09D71CC1}.Release|Any CPU.ActiveCfg = Release|Any CPU
		{FA75B552-EA69-41EF-B1C6-23AB09D71CC1}.Release|Any CPU.Build.0 = Release|Any CPU
		{1925BAB9-5EF5-46F0-A1F2-FC67E60D7BD5}.Debug|Any CPU.ActiveCfg = Debug|Any CPU
		{1925BAB9-5EF5-46F0-A1F2-FC67E60D7BD5}.Debug|Any CPU.Build.0 = Debug|Any CPU
		{1925BAB9-5EF5-46F0-A1F2-FC67E60D7BD5}.Release|Any CPU.ActiveCfg = Release|Any CPU
		{1925BAB9-5EF5-46F0-A1F2-FC67E60D7BD5}.Release|Any CPU.Build.0 = Release|Any CPU
		{0BD25AEF-ADAA-4E4A-9FE4-2E42B914C9D0}.Debug|Any CPU.ActiveCfg = Debug|Any CPU
		{0BD25AEF-ADAA-4E4A-9FE4-2E42B914C9D0}.Debug|Any CPU.Build.0 = Debug|Any CPU
		{0BD25AEF-ADAA-4E4A-9FE4-2E42B914C9D0}.Release|Any CPU.ActiveCfg = Release|Any CPU
		{0BD25AEF-ADAA-4E4A-9FE4-2E42B914C9D0}.Release|Any CPU.Build.0 = Release|Any CPU
		{BECE6280-A24F-41E3-9FBB-941C361524B0}.Debug|Any CPU.ActiveCfg = Debug|Any CPU
		{BECE6280-A24F-41E3-9FBB-941C361524B0}.Debug|Any CPU.Build.0 = Debug|Any CPU
		{BECE6280-A24F-41E3-9FBB-941C361524B0}.Release|Any CPU.ActiveCfg = Release|Any CPU
		{BECE6280-A24F-41E3-9FBB-941C361524B0}.Release|Any CPU.Build.0 = Release|Any CPU
		{465FDCC0-63DD-4244-9DAC-02D34903CFC5}.Debug|Any CPU.ActiveCfg = Debug|Any CPU
		{465FDCC0-63DD-4244-9DAC-02D34903CFC5}.Debug|Any CPU.Build.0 = Debug|Any CPU
		{465FDCC0-63DD-4244-9DAC-02D34903CFC5}.Release|Any CPU.ActiveCfg = Release|Any CPU
		{465FDCC0-63DD-4244-9DAC-02D34903CFC5}.Release|Any CPU.Build.0 = Release|Any CPU
		{D58C2B79-549E-41B4-80C3-109791678321}.Debug|Any CPU.ActiveCfg = Debug|Any CPU
		{D58C2B79-549E-41B4-80C3-109791678321}.Debug|Any CPU.Build.0 = Debug|Any CPU
		{D58C2B79-549E-41B4-80C3-109791678321}.Release|Any CPU.ActiveCfg = Release|Any CPU
		{D58C2B79-549E-41B4-80C3-109791678321}.Release|Any CPU.Build.0 = Release|Any CPU
		{001FF824-D876-41F3-8360-368CEC991F13}.Debug|Any CPU.ActiveCfg = Debug|Any CPU
		{001FF824-D876-41F3-8360-368CEC991F13}.Debug|Any CPU.Build.0 = Debug|Any CPU
		{001FF824-D876-41F3-8360-368CEC991F13}.Release|Any CPU.ActiveCfg = Release|Any CPU
		{001FF824-D876-41F3-8360-368CEC991F13}.Release|Any CPU.Build.0 = Release|Any CPU
		{2B183F54-5E61-43CB-B6B0-52E376E26C06}.Debug|Any CPU.ActiveCfg = Debug|Any CPU
		{2B183F54-5E61-43CB-B6B0-52E376E26C06}.Debug|Any CPU.Build.0 = Debug|Any CPU
		{2B183F54-5E61-43CB-B6B0-52E376E26C06}.Release|Any CPU.ActiveCfg = Release|Any CPU
		{2B183F54-5E61-43CB-B6B0-52E376E26C06}.Release|Any CPU.Build.0 = Release|Any CPU
		{1A8CB03A-E53F-4F23-B10E-98B137ACF388}.Debug|Any CPU.ActiveCfg = Debug|Any CPU
		{1A8CB03A-E53F-4F23-B10E-98B137ACF388}.Debug|Any CPU.Build.0 = Debug|Any CPU
		{1A8CB03A-E53F-4F23-B10E-98B137ACF388}.Release|Any CPU.ActiveCfg = Release|Any CPU
		{1A8CB03A-E53F-4F23-B10E-98B137ACF388}.Release|Any CPU.Build.0 = Release|Any CPU
		{3E677F80-F782-49EA-AB3E-DD2641941FB9}.Debug|Any CPU.ActiveCfg = Debug|Any CPU
		{3E677F80-F782-49EA-AB3E-DD2641941FB9}.Debug|Any CPU.Build.0 = Debug|Any CPU
		{3E677F80-F782-49EA-AB3E-DD2641941FB9}.Release|Any CPU.ActiveCfg = Release|Any CPU
		{3E677F80-F782-49EA-AB3E-DD2641941FB9}.Release|Any CPU.Build.0 = Release|Any CPU
		{484BA610-CB24-4F38-9BCA-42450D5CA1C9}.Debug|Any CPU.ActiveCfg = Debug|Any CPU
		{484BA610-CB24-4F38-9BCA-42450D5CA1C9}.Debug|Any CPU.Build.0 = Debug|Any CPU
		{484BA610-CB24-4F38-9BCA-42450D5CA1C9}.Release|Any CPU.ActiveCfg = Release|Any CPU
		{484BA610-CB24-4F38-9BCA-42450D5CA1C9}.Release|Any CPU.Build.0 = Release|Any CPU
	EndGlobalSection
	GlobalSection(SolutionProperties) = preSolution
		HideSolutionNode = FALSE
	EndGlobalSection
	GlobalSection(ExtensibilityGlobals) = postSolution
		SolutionGuid = {0E35BA53-19E6-41DA-864C-28C597939F1D}
	EndGlobalSection
EndGlobal
